
Microsoft Visual Studio Solution File, Format Version 12.00
# Visual Studio 2013
VisualStudioVersion = 12.0.31101.0
MinimumVisualStudioVersion = 10.0.40219.1
Project("{FAE04EC0-301F-11D3-BF4B-00C04F79EFBC}") = "timeMachine", "timeMachine.csproj", "{5E86DD67-CEB5-4609-9371-A6E844D7D15A}"
EndProject
Global
	GlobalSection(SolutionConfigurationPlatforms) = preSolution
		Debug|Any CPU = Debug|Any CPU
		Release|Any CPU = Release|Any CPU
	EndGlobalSection
	GlobalSection(ProjectConfigurationPlatforms) = postSolution
		{5E86DD67-CEB5-4609-9371-A6E844D7D15A}.Debug|Any CPU.ActiveCfg = Debug|Any CPU
		{5E86DD67-CEB5-4609-9371-A6E844D7D15A}.Debug|Any CPU.Build.0 = Debug|Any CPU
		{5E86DD67-CEB5-4609-9371-A6E844D7D15A}.Release|Any CPU.ActiveCfg = Release|Any CPU
		{5E86DD67-CEB5-4609-9371-A6E844D7D15A}.Release|Any CPU.Build.0 = Release|Any CPU
	EndGlobalSection
	GlobalSection(SolutionProperties) = preSolution
		HideSolutionNode = FALSE
	EndGlobalSection
EndGlobal
